<?xml version="1.0" encoding="utf-8"?>
<Project ToolsVersion="4.0" xmlns="http://schemas.microsoft.com/developer/msbuild/2003">
  <ItemGroup>
    <Filter Include="소스 파일">
      <UniqueIdentifier>{4FC737F1-C7A5-4376-A066-2A32D752A2FF}</UniqueIdentifier>
      <Extensions>cpp;c;cc;cxx;c++;cppm;ixx;def;odl;idl;hpj;bat;asm;asmx</Extensions>
    </Filter>
    <Filter Include="헤더 파일">
      <UniqueIdentifier>{93995380-89BD-4b04-88EB-625FBE52EBFB}</UniqueIdentifier>
      <Extensions>h;hh;hpp;hxx;h++;hm;inl;inc;ipp;xsd</Extensions>
    </Filter>
    <Filter Include="리소스 파일">
      <UniqueIdentifier>{67DA6AB6-F800-4c08-8B7A-83BB121AAD01}</UniqueIdentifier>
      <Extensions>rc;ico;cur;bmp;dlg;rc2;rct;bin;rgs;gif;jpg;jpeg;jpe;resx;tiff;tif;png;wav;mfcribbon-ms</Extensions>
    </Filter>
    <Filter Include="DirectX">
      <UniqueIdentifier>{bec6047a-9099-41a8-bb61-48b38eaf2b85}</UniqueIdentifier>
    </Filter>
    <Filter Include="imgui">
      <UniqueIdentifier>{7abf5e68-5275-40eb-b28e-021515732cf3}</UniqueIdentifier>
    </Filter>
    <Filter Include="DirectX\assimp">
      <UniqueIdentifier>{d43e41aa-2177-4603-be26-e577312ec0e0}</UniqueIdentifier>
    </Filter>
    <Filter Include="imguizmo">
      <UniqueIdentifier>{fea2bf28-0fd8-4f81-8bac-8ab30e647709}</UniqueIdentifier>
    </Filter>
  </ItemGroup>
  <ItemGroup>
    <ClInclude Include="CustomEngine.h">
      <Filter>헤더 파일</Filter>
    </ClInclude>
    <ClInclude Include="..\directx\d3dx12.h">
      <Filter>헤더 파일</Filter>
    </ClInclude>
    <ClInclude Include="..\..\..\DirectX-Headers-main\DirectX-Headers-main\include\directx\d3d12compiler.h">
      <Filter>DirectX</Filter>
    </ClInclude>
    <ClInclude Include="..\..\..\DirectX-Headers-main\DirectX-Headers-main\include\directx\d3d12sdklayers.h">
      <Filter>DirectX</Filter>
    </ClInclude>
    <ClInclude Include="..\..\..\DirectX-Headers-main\DirectX-Headers-main\include\directx\d3d12shader.h">
      <Filter>DirectX</Filter>
    </ClInclude>
    <ClInclude Include="..\..\..\DirectX-Headers-main\DirectX-Headers-main\include\directx\D3D12TokenizedProgramFormat.hpp">
      <Filter>DirectX</Filter>
    </ClInclude>
    <ClInclude Include="..\..\..\DirectX-Headers-main\DirectX-Headers-main\include\directx\d3d12video.h">
      <Filter>DirectX</Filter>
    </ClInclude>
    <ClInclude Include="..\..\..\DirectX-Headers-main\DirectX-Headers-main\include\directx\d3dcommon.h">
      <Filter>DirectX</Filter>
    </ClInclude>
    <ClInclude Include="..\..\..\DirectX-Headers-main\DirectX-Headers-main\include\directx\d3dshadercacheregistration.h">
      <Filter>DirectX</Filter>
    </ClInclude>
    <ClInclude Include="..\..\..\DirectX-Headers-main\DirectX-Headers-main\include\directx\d3dx12.h">
      <Filter>DirectX</Filter>
    </ClInclude>
    <ClInclude Include="..\..\..\DirectX-Headers-main\DirectX-Headers-main\include\directx\d3dx12_barriers.h">
      <Filter>DirectX</Filter>
    </ClInclude>
    <ClInclude Include="..\..\..\DirectX-Headers-main\DirectX-Headers-main\include\directx\d3dx12_check_feature_support.h">
      <Filter>DirectX</Filter>
    </ClInclude>
    <ClInclude Include="..\..\..\DirectX-Headers-main\DirectX-Headers-main\include\directx\d3dx12_core.h">
      <Filter>DirectX</Filter>
    </ClInclude>
    <ClInclude Include="..\..\..\DirectX-Headers-main\DirectX-Headers-main\include\directx\d3dx12_default.h">
      <Filter>DirectX</Filter>
    </ClInclude>
    <ClInclude Include="..\..\..\DirectX-Headers-main\DirectX-Headers-main\include\directx\d3dx12_pipeline_state_stream.h">
      <Filter>DirectX</Filter>
    </ClInclude>
    <ClInclude Include="..\..\..\DirectX-Headers-main\DirectX-Headers-main\include\directx\d3dx12_property_format_table.h">
      <Filter>DirectX</Filter>
    </ClInclude>
    <ClInclude Include="..\..\..\DirectX-Headers-main\DirectX-Headers-main\include\directx\d3dx12_render_pass.h">
      <Filter>DirectX</Filter>
    </ClInclude>
    <ClInclude Include="..\..\..\DirectX-Headers-main\DirectX-Headers-main\include\directx\d3dx12_resource_helpers.h">
      <Filter>DirectX</Filter>
    </ClInclude>
    <ClInclude Include="..\..\..\DirectX-Headers-main\DirectX-Headers-main\include\directx\d3dx12_root_signature.h">
      <Filter>DirectX</Filter>
    </ClInclude>
    <ClInclude Include="..\..\..\DirectX-Headers-main\DirectX-Headers-main\include\directx\d3dx12_state_object.h">
      <Filter>DirectX</Filter>
    </ClInclude>
    <ClInclude Include="..\..\..\DirectX-Headers-main\DirectX-Headers-main\include\directx\DirectML.h">
      <Filter>DirectX</Filter>
    </ClInclude>
    <ClInclude Include="..\..\..\DirectX-Headers-main\DirectX-Headers-main\include\directx\dxcore.h">
      <Filter>DirectX</Filter>
    </ClInclude>
    <ClInclude Include="..\..\..\DirectX-Headers-main\DirectX-Headers-main\include\directx\dxcore_interface.h">
      <Filter>DirectX</Filter>
    </ClInclude>
    <ClInclude Include="..\..\..\DirectX-Headers-main\DirectX-Headers-main\include\directx\dxgicommon.h">
      <Filter>DirectX</Filter>
    </ClInclude>
    <ClInclude Include="..\..\..\DirectX-Headers-main\DirectX-Headers-main\include\directx\dxgiformat.h">
      <Filter>DirectX</Filter>
    </ClInclude>
    <ClInclude Include="..\..\..\DirectX-Headers-main\DirectX-Headers-main\include\directx\d3d12.h">
      <Filter>DirectX</Filter>
    </ClInclude>
    <ClInclude Include="..\..\..\DirectX-Headers-main\DirectX-Headers-main\include\directx\d3d12compatibility.h">
      <Filter>DirectX</Filter>
    </ClInclude>
    <ClInclude Include="..\..\..\imgui-master\imgui-master\imconfig.h">
      <Filter>imgui</Filter>
    </ClInclude>
    <ClInclude Include="..\..\..\imgui-master\imgui-master\imgui.h">
      <Filter>imgui</Filter>
    </ClInclude>
    <ClInclude Include="..\..\..\imgui-master\imgui-master\backends\imgui_impl_win32.h">
      <Filter>imgui</Filter>
    </ClInclude>
    <ClInclude Include="..\..\..\imgui-master\imgui-master\backends\imgui_impl_dx12.h">
      <Filter>imgui</Filter>
    </ClInclude>
    <ClInclude Include="..\..\..\assimp-master\assimp-master\include\assimp\aabb.h">
      <Filter>DirectX\assimp</Filter>
    </ClInclude>
    <ClInclude Include="..\..\..\assimp-master\assimp-master\include\assimp\ai_assert.h">
      <Filter>DirectX\assimp</Filter>
    </ClInclude>
    <ClInclude Include="..\..\..\assimp-master\assimp-master\include\assimp\anim.h">
      <Filter>DirectX\assimp</Filter>
    </ClInclude>
    <ClInclude Include="..\..\..\assimp-master\assimp-master\include\assimp\AssertHandler.h">
      <Filter>DirectX\assimp</Filter>
    </ClInclude>
    <ClInclude Include="..\..\..\assimp-master\assimp-master\include\assimp\Base64.hpp">
      <Filter>DirectX\assimp</Filter>
    </ClInclude>
    <ClInclude Include="..\..\..\assimp-master\assimp-master\include\assimp\BaseImporter.h">
      <Filter>DirectX\assimp</Filter>
    </ClInclude>
    <ClInclude Include="..\..\..\assimp-master\assimp-master\include\assimp\Bitmap.h">
      <Filter>DirectX\assimp</Filter>
    </ClInclude>
    <ClInclude Include="..\..\..\assimp-master\assimp-master\include\assimp\BlobIOSystem.h">
      <Filter>DirectX\assimp</Filter>
    </ClInclude>
    <ClInclude Include="..\..\..\assimp-master\assimp-master\include\assimp\ByteSwapper.h">
      <Filter>DirectX\assimp</Filter>
    </ClInclude>
    <ClInclude Include="..\..\..\assimp-master\assimp-master\include\assimp\camera.h">
      <Filter>DirectX\assimp</Filter>
    </ClInclude>
    <ClInclude Include="..\..\..\assimp-master\assimp-master\include\assimp\cexport.h">
      <Filter>DirectX\assimp</Filter>
    </ClInclude>
    <ClInclude Include="..\..\..\assimp-master\assimp-master\include\assimp\cfileio.h">
      <Filter>DirectX\assimp</Filter>
    </ClInclude>
    <ClInclude Include="..\..\..\assimp-master\assimp-master\include\assimp\cimport.h">
      <Filter>DirectX\assimp</Filter>
    </ClInclude>
    <ClInclude Include="..\..\..\assimp-master\assimp-master\include\assimp\ColladaMetaData.h">
      <Filter>DirectX\assimp</Filter>
    </ClInclude>
    <ClInclude Include="..\..\..\assimp-master\assimp-master\include\assimp\color4.h">
      <Filter>DirectX\assimp</Filter>
    </ClInclude>
    <ClInclude Include="..\..\..\assimp-master\assimp-master\include\assimp\commonMetaData.h">
      <Filter>DirectX\assimp</Filter>
    </ClInclude>
    <ClInclude Include="..\..\..\assimp-master\assimp-master\include\assimp\Compiler\poppack1.h">
      <Filter>DirectX\assimp</Filter>
    </ClInclude>
    <ClInclude Include="..\..\..\assimp-master\assimp-master\include\assimp\Compiler\pstdint.h">
      <Filter>DirectX\assimp</Filter>
    </ClInclude>
    <ClInclude Include="..\..\..\assimp-master\assimp-master\include\assimp\Compiler\pushpack1.h">
      <Filter>DirectX\assimp</Filter>
    </ClInclude>
    <ClInclude Include="..\..\..\assimp-master\assimp-master\include\assimp\CreateAnimMesh.h">
      <Filter>DirectX\assimp</Filter>
    </ClInclude>
    <ClInclude Include="..\..\..\assimp-master\assimp-master\include\assimp\DefaultIOStream.h">
      <Filter>DirectX\assimp</Filter>
    </ClInclude>
    <ClInclude Include="..\..\..\assimp-master\assimp-master\include\assimp\DefaultIOSystem.h">
      <Filter>DirectX\assimp</Filter>
    </ClInclude>
    <ClInclude Include="..\..\..\assimp-master\assimp-master\include\assimp\DefaultLogger.hpp">
      <Filter>DirectX\assimp</Filter>
    </ClInclude>
    <ClInclude Include="..\..\..\assimp-master\assimp-master\include\assimp\defs.h">
      <Filter>DirectX\assimp</Filter>
    </ClInclude>
    <ClInclude Include="..\..\..\assimp-master\assimp-master\include\assimp\Exceptional.h">
      <Filter>DirectX\assimp</Filter>
    </ClInclude>
    <ClInclude Include="..\..\..\assimp-master\assimp-master\include\assimp\Exporter.hpp">
      <Filter>DirectX\assimp</Filter>
    </ClInclude>
    <ClInclude Include="..\..\..\assimp-master\assimp-master\include\assimp\fast_atof.h">
      <Filter>DirectX\assimp</Filter>
    </ClInclude>
    <ClInclude Include="..\..\..\assimp-master\assimp-master\include\assimp\GenericProperty.h">
      <Filter>DirectX\assimp</Filter>
    </ClInclude>
    <ClInclude Include="..\..\..\assimp-master\assimp-master\include\assimp\GltfMaterial.h">
      <Filter>DirectX\assimp</Filter>
    </ClInclude>
    <ClInclude Include="..\..\..\assimp-master\assimp-master\include\assimp\Hash.h">
      <Filter>DirectX\assimp</Filter>
    </ClInclude>
    <ClInclude Include="..\..\..\assimp-master\assimp-master\include\assimp\Importer.hpp">
      <Filter>DirectX\assimp</Filter>
    </ClInclude>
    <ClInclude Include="..\..\..\assimp-master\assimp-master\include\assimp\importerdesc.h">
      <Filter>DirectX\assimp</Filter>
    </ClInclude>
    <ClInclude Include="..\..\..\assimp-master\assimp-master\include\assimp\IOStream.hpp">
      <Filter>DirectX\assimp</Filter>
    </ClInclude>
    <ClInclude Include="..\..\..\assimp-master\assimp-master\include\assimp\IOStreamBuffer.h">
      <Filter>DirectX\assimp</Filter>
    </ClInclude>
    <ClInclude Include="..\..\..\assimp-master\assimp-master\include\assimp\IOSystem.hpp">
      <Filter>DirectX\assimp</Filter>
    </ClInclude>
    <ClInclude Include="..\..\..\assimp-master\assimp-master\include\assimp\light.h">
      <Filter>DirectX\assimp</Filter>
    </ClInclude>
    <ClInclude Include="..\..\..\assimp-master\assimp-master\include\assimp\LineSplitter.h">
      <Filter>DirectX\assimp</Filter>
    </ClInclude>
    <ClInclude Include="..\..\..\assimp-master\assimp-master\include\assimp\LogAux.h">
      <Filter>DirectX\assimp</Filter>
    </ClInclude>
    <ClInclude Include="..\..\..\assimp-master\assimp-master\include\assimp\Logger.hpp">
      <Filter>DirectX\assimp</Filter>
    </ClInclude>
    <ClInclude Include="..\..\..\assimp-master\assimp-master\include\assimp\LogStream.hpp">
      <Filter>DirectX\assimp</Filter>
    </ClInclude>
    <ClInclude Include="..\..\..\assimp-master\assimp-master\include\assimp\material.h">
      <Filter>DirectX\assimp</Filter>
    </ClInclude>
    <ClInclude Include="..\..\..\assimp-master\assimp-master\include\assimp\MathFunctions.h">
      <Filter>DirectX\assimp</Filter>
    </ClInclude>
    <ClInclude Include="..\..\..\assimp-master\assimp-master\include\assimp\matrix3x3.h">
      <Filter>DirectX\assimp</Filter>
    </ClInclude>
    <ClInclude Include="..\..\..\assimp-master\assimp-master\include\assimp\matrix4x4.h">
      <Filter>DirectX\assimp</Filter>
    </ClInclude>
    <ClInclude Include="..\..\..\assimp-master\assimp-master\include\assimp\MemoryIOWrapper.h">
      <Filter>DirectX\assimp</Filter>
    </ClInclude>
    <ClInclude Include="..\..\..\assimp-master\assimp-master\include\assimp\mesh.h">
      <Filter>DirectX\assimp</Filter>
    </ClInclude>
    <ClInclude Include="..\..\..\assimp-master\assimp-master\include\assimp\metadata.h">
      <Filter>DirectX\assimp</Filter>
    </ClInclude>
    <ClInclude Include="..\..\..\assimp-master\assimp-master\include\assimp\NullLogger.hpp">
      <Filter>DirectX\assimp</Filter>
    </ClInclude>
    <ClInclude Include="..\..\..\assimp-master\assimp-master\include\assimp\ObjMaterial.h">
      <Filter>DirectX\assimp</Filter>
    </ClInclude>
    <ClInclude Include="..\..\..\assimp-master\assimp-master\include\assimp\ParsingUtils.h">
      <Filter>DirectX\assimp</Filter>
    </ClInclude>
    <ClInclude Include="..\..\..\assimp-master\assimp-master\include\assimp\pbrmaterial.h">
      <Filter>DirectX\assimp</Filter>
    </ClInclude>
    <ClInclude Include="..\..\..\assimp-master\assimp-master\include\assimp\port\AndroidJNI\AndroidJNIIOSystem.h">
      <Filter>DirectX\assimp</Filter>
    </ClInclude>
    <ClInclude Include="..\..\..\assimp-master\assimp-master\include\assimp\port\AndroidJNI\BundledAssetIOSystem.h">
      <Filter>DirectX\assimp</Filter>
    </ClInclude>
    <ClInclude Include="..\..\..\assimp-master\assimp-master\include\assimp\postprocess.h">
      <Filter>DirectX\assimp</Filter>
    </ClInclude>
    <ClInclude Include="..\..\..\assimp-master\assimp-master\include\assimp\Profiler.h">
      <Filter>DirectX\assimp</Filter>
    </ClInclude>
    <ClInclude Include="..\..\..\assimp-master\assimp-master\include\assimp\ProgressHandler.hpp">
      <Filter>DirectX\assimp</Filter>
    </ClInclude>
    <ClInclude Include="..\..\..\assimp-master\assimp-master\include\assimp\qnan.h">
      <Filter>DirectX\assimp</Filter>
    </ClInclude>
    <ClInclude Include="..\..\..\assimp-master\assimp-master\include\assimp\quaternion.h">
      <Filter>DirectX\assimp</Filter>
    </ClInclude>
    <ClInclude Include="..\..\..\assimp-master\assimp-master\include\assimp\RemoveComments.h">
      <Filter>DirectX\assimp</Filter>
    </ClInclude>
    <ClInclude Include="..\..\..\assimp-master\assimp-master\include\assimp\scene.h">
      <Filter>DirectX\assimp</Filter>
    </ClInclude>
    <ClInclude Include="..\..\..\assimp-master\assimp-master\include\assimp\SceneCombiner.h">
      <Filter>DirectX\assimp</Filter>
    </ClInclude>
    <ClInclude Include="..\..\..\assimp-master\assimp-master\include\assimp\SGSpatialSort.h">
      <Filter>DirectX\assimp</Filter>
    </ClInclude>
    <ClInclude Include="..\..\..\assimp-master\assimp-master\include\assimp\SkeletonMeshBuilder.h">
      <Filter>DirectX\assimp</Filter>
    </ClInclude>
    <ClInclude Include="..\..\..\assimp-master\assimp-master\include\assimp\SmallVector.h">
      <Filter>DirectX\assimp</Filter>
    </ClInclude>
    <ClInclude Include="..\..\..\assimp-master\assimp-master\include\assimp\SmoothingGroups.h">
      <Filter>DirectX\assimp</Filter>
    </ClInclude>
    <ClInclude Include="..\..\..\assimp-master\assimp-master\include\assimp\SpatialSort.h">
      <Filter>DirectX\assimp</Filter>
    </ClInclude>
    <ClInclude Include="..\..\..\assimp-master\assimp-master\include\assimp\StandardShapes.h">
      <Filter>DirectX\assimp</Filter>
    </ClInclude>
    <ClInclude Include="..\..\..\assimp-master\assimp-master\include\assimp\StreamReader.h">
      <Filter>DirectX\assimp</Filter>
    </ClInclude>
    <ClInclude Include="..\..\..\assimp-master\assimp-master\include\assimp\StreamWriter.h">
      <Filter>DirectX\assimp</Filter>
    </ClInclude>
    <ClInclude Include="..\..\..\assimp-master\assimp-master\include\assimp\StringComparison.h">
      <Filter>DirectX\assimp</Filter>
    </ClInclude>
    <ClInclude Include="..\..\..\assimp-master\assimp-master\include\assimp\StringUtils.h">
      <Filter>DirectX\assimp</Filter>
    </ClInclude>
    <ClInclude Include="..\..\..\assimp-master\assimp-master\include\assimp\Subdivision.h">
      <Filter>DirectX\assimp</Filter>
    </ClInclude>
    <ClInclude Include="..\..\..\assimp-master\assimp-master\include\assimp\texture.h">
      <Filter>DirectX\assimp</Filter>
    </ClInclude>
    <ClInclude Include="..\..\..\assimp-master\assimp-master\include\assimp\TinyFormatter.h">
      <Filter>DirectX\assimp</Filter>
    </ClInclude>
    <ClInclude Include="..\..\..\assimp-master\assimp-master\include\assimp\types.h">
      <Filter>DirectX\assimp</Filter>
    </ClInclude>
    <ClInclude Include="..\..\..\assimp-master\assimp-master\include\assimp\vector2.h">
      <Filter>DirectX\assimp</Filter>
    </ClInclude>
    <ClInclude Include="..\..\..\assimp-master\assimp-master\include\assimp\vector3.h">
      <Filter>DirectX\assimp</Filter>
    </ClInclude>
    <ClInclude Include="..\..\..\assimp-master\assimp-master\include\assimp\version.h">
      <Filter>DirectX\assimp</Filter>
    </ClInclude>
    <ClInclude Include="..\..\..\assimp-master\assimp-master\include\assimp\Vertex.h">
      <Filter>DirectX\assimp</Filter>
    </ClInclude>
    <ClInclude Include="..\..\..\assimp-master\assimp-master\include\assimp\XmlParser.h">
      <Filter>DirectX\assimp</Filter>
    </ClInclude>
    <ClInclude Include="..\..\..\assimp-master\assimp-master\include\assimp\XMLTools.h">
      <Filter>DirectX\assimp</Filter>
    </ClInclude>
    <ClInclude Include="..\..\..\assimp-master\assimp-master\include\assimp\ZipArchiveIOSystem.h">
      <Filter>DirectX\assimp</Filter>
    </ClInclude>
    <ClInclude Include="..\..\..\ImGuizmo-master\ImGuizmo-master\ImGuizmo.h">
      <Filter>imguizmo</Filter>
    </ClInclude>
  </ItemGroup>
  <ItemGroup>
    <ClCompile Include="CustomEngine.cpp">
      <Filter>소스 파일</Filter>
    </ClCompile>
    <ClCompile Include="..\..\..\imgui-master\imgui-master\imgui.cpp">
      <Filter>imgui</Filter>
    </ClCompile>
    <ClCompile Include="..\..\..\imgui-master\imgui-master\imgui_draw.cpp">
      <Filter>imgui</Filter>
    </ClCompile>
    <ClCompile Include="..\..\..\imgui-master\imgui-master\imgui_tables.cpp">
      <Filter>imgui</Filter>
    </ClCompile>
    <ClCompile Include="..\..\..\imgui-master\imgui-master\imgui_widgets.cpp">
      <Filter>imgui</Filter>
    </ClCompile>
    <ClCompile Include="..\..\..\imgui-master\imgui-master\backends\imgui_impl_dx12.cpp">
      <Filter>imgui</Filter>
    </ClCompile>
    <ClCompile Include="..\..\..\imgui-master\imgui-master\backends\imgui_impl_win32.cpp">
      <Filter>imgui</Filter>
    </ClCompile>
    <ClCompile Include="..\..\..\ImGuizmo-master\ImGuizmo-master\ImGuizmo.cpp">
      <Filter>imguizmo</Filter>
    </ClCompile>
  </ItemGroup>
  <ItemGroup>
    <ResourceCompile Include="CustomEngine.rc">
      <Filter>리소스 파일</Filter>
    </ResourceCompile>
  </ItemGroup>
  <ItemGroup>
    <Image Include="small.ico">
      <Filter>리소스 파일</Filter>
    </Image>
    <Image Include="CustomEngine.ico">
      <Filter>리소스 파일</Filter>
    </Image>
  </ItemGroup>
  <ItemGroup>
    <FxCompile Include="Shader.hlsl">
      <Filter>소스 파일</Filter>
    </FxCompile>
  </ItemGroup>
  <ItemGroup>
    <None Include="..\..\..\assimp-master\assimp-master\include\assimp\color4.inl">
      <Filter>DirectX\assimp</Filter>
    </None>
    <None Include="..\..\..\assimp-master\assimp-master\include\assimp\material.inl">
      <Filter>DirectX\assimp</Filter>
    </None>
    <None Include="..\..\..\assimp-master\assimp-master\include\assimp\matrix3x3.inl">
      <Filter>DirectX\assimp</Filter>
    </None>
    <None Include="..\..\..\assimp-master\assimp-master\include\assimp\matrix4x4.inl">
      <Filter>DirectX\assimp</Filter>
    </None>
    <None Include="..\..\..\assimp-master\assimp-master\include\assimp\quaternion.inl">
      <Filter>DirectX\assimp</Filter>
    </None>
    <None Include="..\..\..\assimp-master\assimp-master\include\assimp\SmoothingGroups.inl">
      <Filter>DirectX\assimp</Filter>
    </None>
    <None Include="..\..\..\assimp-master\assimp-master\include\assimp\vector2.inl">
      <Filter>DirectX\assimp</Filter>
    </None>
    <None Include="..\..\..\assimp-master\assimp-master\include\assimp\vector3.inl">
      <Filter>DirectX\assimp</Filter>
    </None>
  </ItemGroup>
  <ItemGroup>
    <Text Include="..\..\..\DirectX-Headers-main\DirectX-Headers-main\include\directx\d3d12.idl">
      <Filter>DirectX</Filter>
    </Text>
    <Text Include="..\..\..\DirectX-Headers-main\DirectX-Headers-main\include\directx\d3d12compiler.idl">
      <Filter>DirectX</Filter>
    </Text>
    <Text Include="..\..\..\DirectX-Headers-main\DirectX-Headers-main\include\directx\D3D12MarkerApiEnums.idl">
      <Filter>DirectX</Filter>
    </Text>
    <Text Include="..\..\..\DirectX-Headers-main\DirectX-Headers-main\include\directx\d3d12sdklayers.idl">
      <Filter>DirectX</Filter>
    </Text>
    <Text Include="..\..\..\DirectX-Headers-main\DirectX-Headers-main\include\directx\d3d12video.idl">
      <Filter>DirectX</Filter>
    </Text>
    <Text Include="..\..\..\DirectX-Headers-main\DirectX-Headers-main\include\directx\d3dcommon.idl">
      <Filter>DirectX</Filter>
    </Text>
    <Text Include="..\..\..\DirectX-Headers-main\DirectX-Headers-main\include\directx\d3dshadercacheregistration.idl">
      <Filter>DirectX</Filter>
    </Text>
    <Text Include="..\..\..\DirectX-Headers-main\DirectX-Headers-main\include\directx\dxgicommon.idl">
      <Filter>DirectX</Filter>
    </Text>
    <Text Include="..\..\..\DirectX-Headers-main\DirectX-Headers-main\include\directx\dxgiformat.idl">
      <Filter>DirectX</Filter>
    </Text>
    <Text Include="..\..\..\DirectX-Headers-main\DirectX-Headers-main\include\directx\d3d12compatibility.idl">
      <Filter>DirectX</Filter>
    </Text>
  </ItemGroup>
</Project>